// !$*UTF8*$!
{
	archiveVersion = 1;
	classes = {
	};
	objectVersion = 56;
	objects = {

/* Begin PBXBuildFile section */
		0693FB262BF6B6010083CEC5 /* EvoHabitApp.swift in Sources */ = {isa = PBXBuildFile; fileRef = 0693FB252BF6B6010083CEC5 /* EvoHabitApp.swift */; };
		0693FB282BF6B6010083CEC5 /* ContentView.swift in Sources */ = {isa = PBXBuildFile; fileRef = 0693FB272BF6B6010083CEC5 /* ContentView.swift */; };
		0693FB2A2BF6B6080083CEC5 /* Assets.xcassets in Resources */ = {isa = PBXBuildFile; fileRef = 0693FB292BF6B6080083CEC5 /* Assets.xcassets */; };
		0693FB2D2BF6B6080083CEC5 /* Preview Assets.xcassets in Resources */ = {isa = PBXBuildFile; fileRef = 0693FB2C2BF6B6080083CEC5 /* Preview Assets.xcassets */; };
		0693FB372BF6B6090083CEC5 /* EvoHabitTests.swift in Sources */ = {isa = PBXBuildFile; fileRef = 0693FB362BF6B6090083CEC5 /* EvoHabitTests.swift */; };
		0693FB412BF6B6090083CEC5 /* EvoHabitUITests.swift in Sources */ = {isa = PBXBuildFile; fileRef = 0693FB402BF6B6090083CEC5 /* EvoHabitUITests.swift */; };
		0693FB432BF6B6090083CEC5 /* EvoHabitUITestsLaunchTests.swift in Sources */ = {isa = PBXBuildFile; fileRef = 0693FB422BF6B6090083CEC5 /* EvoHabitUITestsLaunchTests.swift */; };
/* End PBXBuildFile section */

/* Begin PBXContainerItemProxy section */
		0693FB332BF6B6090083CEC5 /* PBXContainerItemProxy */ = {
			isa = PBXContainerItemProxy;
			containerPortal = 0693FB1A2BF6B6000083CEC5 /* Project object */;
			proxyType = 1;
			remoteGlobalIDString = 0693FB212BF6B6000083CEC5;
			remoteInfo = EvoHabit;
		};
		0693FB3D2BF6B6090083CEC5 /* PBXContainerItemProxy */ = {
			isa = PBXContainerItemProxy;
			containerPortal = 0693FB1A2BF6B6000083CEC5 /* Project object */;
			proxyType = 1;
			remoteGlobalIDString = 0693FB212BF6B6000083CEC5;
			remoteInfo = EvoHabit;
		};
/* End PBXContainerItemProxy section */

/* Begin PBXFileReference section */
		0693FB222BF6B6010083CEC5 /* EvoHabit.app */ = {isa = PBXFileReference; explicitFileType = wrapper.application; includeInIndex = 0; path = EvoHabit.app; sourceTree = BUILT_PRODUCTS_DIR; };
		0693FB252BF6B6010083CEC5 /* EvoHabitApp.swift */ = {isa = PBXFileReference; lastKnownFileType = sourcecode.swift; path = EvoHabitApp.swift; sourceTree = "<group>"; };
		0693FB272BF6B6010083CEC5 /* ContentView.swift */ = {isa = PBXFileReference; lastKnownFileType = sourcecode.swift; path = ContentView.swift; sourceTree = "<group>"; };
		0693FB292BF6B6080083CEC5 /* Assets.xcassets */ = {isa = PBXFileReference; lastKnownFileType = folder.assetcatalog; path = Assets.xcassets; sourceTree = "<group>"; };
		0693FB2C2BF6B6080083CEC5 /* Preview Assets.xcassets */ = {isa = PBXFileReference; lastKnownFileType = folder.assetcatalog; path = "Preview Assets.xcassets"; sourceTree = "<group>"; };
		0693FB322BF6B6090083CEC5 /* EvoHabitTests.xctest */ = {isa = PBXFileReference; explicitFileType = wrapper.cfbundle; includeInIndex = 0; path = EvoHabitTests.xctest; sourceTree = BUILT_PRODUCTS_DIR; };
		0693FB362BF6B6090083CEC5 /* EvoHabitTests.swift */ = {isa = PBXFileReference; lastKnownFileType = sourcecode.swift; path = EvoHabitTests.swift; sourceTree = "<group>"; };
		0693FB3C2BF6B6090083CEC5 /* EvoHabitUITests.xctest */ = {isa = PBXFileReference; explicitFileType = wrapper.cfbundle; includeInIndex = 0; path = EvoHabitUITests.xctest; sourceTree = BUILT_PRODUCTS_DIR; };
		0693FB402BF6B6090083CEC5 /* EvoHabitUITests.swift */ = {isa = PBXFileReference; lastKnownFileType = sourcecode.swift; path = EvoHabitUITests.swift; sourceTree = "<group>"; };
		0693FB422BF6B6090083CEC5 /* EvoHabitUITestsLaunchTests.swift */ = {isa = PBXFileReference; lastKnownFileType = sourcecode.swift; path = EvoHabitUITestsLaunchTests.swift; sourceTree = "<group>"; };
/* End PBXFileReference section */

/* Begin PBXFrameworksBuildPhase section */
		0693FB1F2BF6B6000083CEC5 /* Frameworks */ = {
			isa = PBXFrameworksBuildPhase;
			buildActionMask = 2147483647;
			files = (
			);
			runOnlyForDeploymentPostprocessing = 0;
		};
		0693FB2F2BF6B6090083CEC5 /* Frameworks */ = {
			isa = PBXFrameworksBuildPhase;
			buildActionMask = 2147483647;
			files = (
			);
			runOnlyForDeploymentPostprocessing = 0;
		};
		0693FB392BF6B6090083CEC5 /* Frameworks */ = {
			isa = PBXFrameworksBuildPhase;
			buildActionMask = 2147483647;
			files = (
			);
			runOnlyForDeploymentPostprocessing = 0;
		};
/* End PBXFrameworksBuildPhase section */

/* Begin PBXGroup section */
		0693FB192BF6B6000083CEC5 = {
			isa = PBXGroup;
			children = (
				0693FB242BF6B6010083CEC5 /* EvoHabit */,
				0693FB352BF6B6090083CEC5 /* EvoHabitTests */,
				0693FB3F2BF6B6090083CEC5 /* EvoHabitUITests */,
				0693FB232BF6B6010083CEC5 /* Products */,
			);
			sourceTree = "<group>";
		};
		0693FB232BF6B6010083CEC5 /* Products */ = {
			isa = PBXGroup;
			children = (
				0693FB222BF6B6010083CEC5 /* EvoHabit.app */,
				0693FB322BF6B6090083CEC5 /* EvoHabitTests.xctest */,
				0693FB3C2BF6B6090083CEC5 /* EvoHabitUITests.xctest */,
			);
			name = Products;
			sourceTree = "<group>";
		};
		0693FB242BF6B6010083CEC5 /* EvoHabit */ = {
			isa = PBXGroup;
			children = (
				0693FB252BF6B6010083CEC5 /* EvoHabitApp.swift */,
				0693FB272BF6B6010083CEC5 /* ContentView.swift */,
				0693FB292BF6B6080083CEC5 /* Assets.xcassets */,
				0693FB2B2BF6B6080083CEC5 /* Preview Content */,
			);
			path = EvoHabit;
			sourceTree = "<group>";
		};
		0693FB2B2BF6B6080083CEC5 /* Preview Content */ = {
			isa = PBXGroup;
			children = (
				0693FB2C2BF6B6080083CEC5 /* Preview Assets.xcassets */,
			);
			path = "Preview Content";
			sourceTree = "<group>";
		};
		0693FB352BF6B6090083CEC5 /* EvoHabitTests */ = {
			isa = PBXGroup;
			children = (
				0693FB362BF6B6090083CEC5 /* EvoHabitTests.swift */,
			);
			path = EvoHabitTests;
			sourceTree = "<group>";
		};
		0693FB3F2BF6B6090083CEC5 /* EvoHabitUITests */ = {
			isa = PBXGroup;
			children = (
				0693FB402BF6B6090083CEC5 /* EvoHabitUITests.swift */,
				0693FB422BF6B6090083CEC5 /* EvoHabitUITestsLaunchTests.swift */,
			);
			path = EvoHabitUITests;
			sourceTree = "<group>";
		};
/* End PBXGroup section */

/* Begin PBXNativeTarget section */
		0693FB212BF6B6000083CEC5 /* EvoHabit */ = {
			isa = PBXNativeTarget;
			buildConfigurationList = 0693FB462BF6B6090083CEC5 /* Build configuration list for PBXNativeTarget "EvoHabit" */;
			buildPhases = (
				0693FB1E2BF6B6000083CEC5 /* Sources */,
				0693FB1F2BF6B6000083CEC5 /* Frameworks */,
				0693FB202BF6B6000083CEC5 /* Resources */,
			);
			buildRules = (
			);
			dependencies = (
			);
			name = EvoHabit;
			productName = EvoHabit;
			productReference = 0693FB222BF6B6010083CEC5 /* EvoHabit.app */;
			productType = "com.apple.product-type.application";
		};
		0693FB312BF6B6090083CEC5 /* EvoHabitTests */ = {
			isa = PBXNativeTarget;
			buildConfigurationList = 0693FB492BF6B6090083CEC5 /* Build configuration list for PBXNativeTarget "EvoHabitTests" */;
			buildPhases = (
				0693FB2E2BF6B6090083CEC5 /* Sources */,
				0693FB2F2BF6B6090083CEC5 /* Frameworks */,
				0693FB302BF6B6090083CEC5 /* Resources */,
			);
			buildRules = (
			);
			dependencies = (
				0693FB342BF6B6090083CEC5 /* PBXTargetDependency */,
			);
			name = EvoHabitTests;
			productName = EvoHabitTests;
			productReference = 0693FB322BF6B6090083CEC5 /* EvoHabitTests.xctest */;
			productType = "com.apple.product-type.bundle.unit-test";
		};
		0693FB3B2BF6B6090083CEC5 /* EvoHabitUITests */ = {
			isa = PBXNativeTarget;
			buildConfigurationList = 0693FB4C2BF6B6090083CEC5 /* Build configuration list for PBXNativeTarget "EvoHabitUITests" */;
			buildPhases = (
				0693FB382BF6B6090083CEC5 /* Sources */,
				0693FB392BF6B6090083CEC5 /* Frameworks */,
				0693FB3A2BF6B6090083CEC5 /* Resources */,
			);
			buildRules = (
			);
			dependencies = (
				0693FB3E2BF6B6090083CEC5 /* PBXTargetDependency */,
			);
			name = EvoHabitUITests;
			productName = EvoHabitUITests;
			productReference = 0693FB3C2BF6B6090083CEC5 /* EvoHabitUITests.xctest */;
			productType = "com.apple.product-type.bundle.ui-testing";
		};
/* End PBXNativeTarget section */

/* Begin PBXProject section */
		0693FB1A2BF6B6000083CEC5 /* Project object */ = {
			isa = PBXProject;
			attributes = {
				BuildIndependentTargetsInParallel = 1;
				LastSwiftUpdateCheck = 1540;
				LastUpgradeCheck = 1540;
				TargetAttributes = {
					0693FB212BF6B6000083CEC5 = {
						CreatedOnToolsVersion = 15.4;
					};
					0693FB312BF6B6090083CEC5 = {
						CreatedOnToolsVersion = 15.4;
						TestTargetID = 0693FB212BF6B6000083CEC5;
					};
					0693FB3B2BF6B6090083CEC5 = {
						CreatedOnToolsVersion = 15.4;
						TestTargetID = 0693FB212BF6B6000083CEC5;
					};
				};
			};
			buildConfigurationList = 0693FB1D2BF6B6000083CEC5 /* Build configuration list for PBXProject "EvoHabit" */;
			compatibilityVersion = "Xcode 14.0";
			developmentRegion = en;
			hasScannedForEncodings = 0;
			knownRegions = (
				en,
				Base,
			);
			mainGroup = 0693FB192BF6B6000083CEC5;
			productRefGroup = 0693FB232BF6B6010083CEC5 /* Products */;
			projectDirPath = "";
			projectRoot = "";
			targets = (
				0693FB212BF6B6000083CEC5 /* EvoHabit */,
				0693FB312BF6B6090083CEC5 /* EvoHabitTests */,
				0693FB3B2BF6B6090083CEC5 /* EvoHabitUITests */,
			);
		};
/* End PBXProject section */

/* Begin PBXResourcesBuildPhase section */
		0693FB202BF6B6000083CEC5 /* Resources */ = {
			isa = PBXResourcesBuildPhase;
			buildActionMask = 2147483647;
			files = (
				0693FB2D2BF6B6080083CEC5 /* Preview Assets.xcassets in Resources */,
				0693FB2A2BF6B6080083CEC5 /* Assets.xcassets in Resources */,
			);
			runOnlyForDeploymentPostprocessing = 0;
		};
		0693FB302BF6B6090083CEC5 /* Resources */ = {
			isa = PBXResourcesBuildPhase;
			buildActionMask = 2147483647;
			files = (
			);
			runOnlyForDeploymentPostprocessing = 0;
		};
		0693FB3A2BF6B6090083CEC5 /* Resources */ = {
			isa = PBXResourcesBuildPhase;
			buildActionMask = 2147483647;
			files = (
			);
			runOnlyForDeploymentPostprocessing = 0;
		};
/* End PBXResourcesBuildPhase section */

/* Begin PBXSourcesBuildPhase section */
		0693FB1E2BF6B6000083CEC5 /* Sources */ = {
			isa = PBXSourcesBuildPhase;
			buildActionMask = 2147483647;
			files = (
				0693FB282BF6B6010083CEC5 /* ContentView.swift in Sources */,
				0693FB262BF6B6010083CEC5 /* EvoHabitApp.swift in Sources */,
			);
			runOnlyForDeploymentPostprocessing = 0;
		};
		0693FB2E2BF6B6090083CEC5 /* Sources */ = {
			isa = PBXSourcesBuildPhase;
			buildActionMask = 2147483647;
			files = (
				0693FB372BF6B6090083CEC5 /* EvoHabitTests.swift in Sources */,
			);
			runOnlyForDeploymentPostprocessing = 0;
		};
		0693FB382BF6B6090083CEC5 /* Sources */ = {
			isa = PBXSourcesBuildPhase;
			buildActionMask = 2147483647;
			files = (
				0693FB432BF6B6090083CEC5 /* EvoHabitUITestsLaunchTests.swift in Sources */,
				0693FB412BF6B6090083CEC5 /* EvoHabitUITests.swift in Sources */,
			);
			runOnlyForDeploymentPostprocessing = 0;
		};
/* End PBXSourcesBuildPhase section */

/* Begin PBXTargetDependency section */
		0693FB342BF6B6090083CEC5 /* PBXTargetDependency */ = {
			isa = PBXTargetDependency;
			target = 0693FB212BF6B6000083CEC5 /* EvoHabit */;
			targetProxy = 0693FB332BF6B6090083CEC5 /* PBXContainerItemProxy */;
		};
		0693FB3E2BF6B6090083CEC5 /* PBXTargetDependency */ = {
			isa = PBXTargetDependency;
			target = 0693FB212BF6B6000083CEC5 /* EvoHabit */;
			targetProxy = 0693FB3D2BF6B6090083CEC5 /* PBXContainerItemProxy */;
		};
/* End PBXTargetDependency section */

/* Begin XCBuildConfiguration section */
		0693FB442BF6B6090083CEC5 /* Debug */ = {
			isa = XCBuildConfiguration;
			buildSettings = {
				ALWAYS_SEARCH_USER_PATHS = NO;
				ASSETCATALOG_COMPILER_GENERATE_SWIFT_ASSET_SYMBOL_EXTENSIONS = YES;
				CLANG_ANALYZER_NONNULL = YES;
				CLANG_ANALYZER_NUMBER_OBJECT_CONVERSION = YES_AGGRESSIVE;
				CLANG_CXX_LANGUAGE_STANDARD = "gnu++20";
				CLANG_ENABLE_MODULES = YES;
				CLANG_ENABLE_OBJC_ARC = YES;
				CLANG_ENABLE_OBJC_WEAK = YES;
				CLANG_WARN_BLOCK_CAPTURE_AUTORELEASING = YES;
				CLANG_WARN_BOOL_CONVERSION = YES;
				CLANG_WARN_COMMA = YES;
				CLANG_WARN_CONSTANT_CONVERSION = YES;
				CLANG_WARN_DEPRECATED_OBJC_IMPLEMENTATIONS = YES;
				CLANG_WARN_DIRECT_OBJC_ISA_USAGE = YES_ERROR;
				CLANG_WARN_DOCUMENTATION_COMMENTS = YES;
				CLANG_WARN_EMPTY_BODY = YES;
				CLANG_WARN_ENUM_CONVERSION = YES;
				CLANG_WARN_INFINITE_RECURSION = YES;
				CLANG_WARN_INT_CONVERSION = YES;
				CLANG_WARN_NON_LITERAL_NULL_CONVERSION = YES;
				CLANG_WARN_OBJC_IMPLICIT_RETAIN_SELF = YES;
				CLANG_WARN_OBJC_LITERAL_CONVERSION = YES;
				CLANG_WARN_OBJC_ROOT_CLASS = YES_ERROR;
				CLANG_WARN_QUOTED_INCLUDE_IN_FRAMEWORK_HEADER = YES;
				CLANG_WARN_RANGE_LOOP_ANALYSIS = YES;
				CLANG_WARN_STRICT_PROTOTYPES = YES;
				CLANG_WARN_SUSPICIOUS_MOVE = YES;
				CLANG_WARN_UNGUARDED_AVAILABILITY = YES_AGGRESSIVE;
				CLANG_WARN_UNREACHABLE_CODE = YES;
				CLANG_WARN__DUPLICATE_METHOD_MATCH = YES;
				COPY_PHASE_STRIP = NO;
				DEBUG_INFORMATION_FORMAT = dwarf;
				ENABLE_STRICT_OBJC_MSGSEND = YES;
				ENABLE_TESTABILITY = YES;
				ENABLE_USER_SCRIPT_SANDBOXING = YES;
				GCC_C_LANGUAGE_STANDARD = gnu17;
				GCC_DYNAMIC_NO_PIC = NO;
				GCC_NO_COMMON_BLOCKS = YES;
				GCC_OPTIMIZATION_LEVEL = 0;
				GCC_PREPROCESSOR_DEFINITIONS = (
					"DEBUG=1",
					"$(inherited)",
				);
				GCC_WARN_64_TO_32_BIT_CONVERSION = YES;
				GCC_WARN_ABOUT_RETURN_TYPE = YES_ERROR;
				GCC_WARN_UNDECLARED_SELECTOR = YES;
				GCC_WARN_UNINITIALIZED_AUTOS = YES_AGGRESSIVE;
				GCC_WARN_UNUSED_FUNCTION = YES;
				GCC_WARN_UNUSED_VARIABLE = YES;
				IPHONEOS_DEPLOYMENT_TARGET = 17.5;
				LOCALIZATION_PREFERS_STRING_CATALOGS = YES;
				MTL_ENABLE_DEBUG_INFO = INCLUDE_SOURCE;
				MTL_FAST_MATH = YES;
				ONLY_ACTIVE_ARCH = YES;
				SDKROOT = iphoneos;
				SWIFT_ACTIVE_COMPILATION_CONDITIONS = "DEBUG $(inherited)";
				SWIFT_OPTIMIZATION_LEVEL = "-Onone";
			};
			name = Debug;
		};
		0693FB452BF6B6090083CEC5 /* Release */ = {
			isa = XCBuildConfiguration;
			buildSettings = {
				ALWAYS_SEARCH_USER_PATHS = NO;
				ASSETCATALOG_COMPILER_GENERATE_SWIFT_ASSET_SYMBOL_EXTENSIONS = YES;
				CLANG_ANALYZER_NONNULL = YES;
				CLANG_ANALYZER_NUMBER_OBJECT_CONVERSION = YES_AGGRESSIVE;
				CLANG_CXX_LANGUAGE_STANDARD = "gnu++20";
				CLANG_ENABLE_MODULES = YES;
				CLANG_ENABLE_OBJC_ARC = YES;
				CLANG_ENABLE_OBJC_WEAK = YES;
				CLANG_WARN_BLOCK_CAPTURE_AUTORELEASING = YES;
				CLANG_WARN_BOOL_CONVERSION = YES;
				CLANG_WARN_COMMA = YES;
				CLANG_WARN_CONSTANT_CONVERSION = YES;
				CLANG_WARN_DEPRECATED_OBJC_IMPLEMENTATIONS = YES;
				CLANG_WARN_DIRECT_OBJC_ISA_USAGE = YES_ERROR;
				CLANG_WARN_DOCUMENTATION_COMMENTS = YES;
				CLANG_WARN_EMPTY_BODY = YES;
				CLANG_WARN_ENUM_CONVERSION = YES;
				CLANG_WARN_INFINITE_RECURSION = YES;
				CLANG_WARN_INT_CONVERSION = YES;
				CLANG_WARN_NON_LITERAL_NULL_CONVERSION = YES;
				CLANG_WARN_OBJC_IMPLICIT_RETAIN_SELF = YES;
				CLANG_WARN_OBJC_LITERAL_CONVERSION = YES;
				CLANG_WARN_OBJC_ROOT_CLASS = YES_ERROR;
				CLANG_WARN_QUOTED_INCLUDE_IN_FRAMEWORK_HEADER = YES;
				CLANG_WARN_RANGE_LOOP_ANALYSIS = YES;
				CLANG_WARN_STRICT_PROTOTYPES = YES;
				CLANG_WARN_SUSPICIOUS_MOVE = YES;
				CLANG_WARN_UNGUARDED_AVAILABILITY = YES_AGGRESSIVE;
				CLANG_WARN_UNREACHABLE_CODE = YES;
				CLANG_WARN__DUPLICATE_METHOD_MATCH = YES;
				COPY_PHASE_STRIP = NO;
				DEBUG_INFORMATION_FORMAT = "dwarf-with-dsym";
				ENABLE_NS_ASSERTIONS = NO;
				ENABLE_STRICT_OBJC_MSGSEND = YES;
				ENABLE_USER_SCRIPT_SANDBOXING = YES;
				GCC_C_LANGUAGE_STANDARD = gnu17;
				GCC_NO_COMMON_BLOCKS = YES;
				GCC_WARN_64_TO_32_BIT_CONVERSION = YES;
				GCC_WARN_ABOUT_RETURN_TYPE = YES_ERROR;
				GCC_WARN_UNDECLARED_SELECTOR = YES;
				GCC_WARN_UNINITIALIZED_AUTOS = YES_AGGRESSIVE;
				GCC_WARN_UNUSED_FUNCTION = YES;
				GCC_WARN_UNUSED_VARIABLE = YES;
				IPHONEOS_DEPLOYMENT_TARGET = 17.5;
				LOCALIZATION_PREFERS_STRING_CATALOGS = YES;
				MTL_ENABLE_DEBUG_INFO = NO;
				MTL_FAST_MATH = YES;
				SDKROOT = iphoneos;
				SWIFT_COMPILATION_MODE = wholemodule;
				VALIDATE_PRODUCT = YES;
			};
			name = Release;
		};
		0693FB472BF6B6090083CEC5 /* Debug */ = {
			isa = XCBuildConfiguration;
			buildSettings = {
				ASSETCATALOG_COMPILER_APPICON_NAME = AppIcon;
				ASSETCATALOG_COMPILER_GLOBAL_ACCENT_COLOR_NAME = AccentColor;
				CODE_SIGN_STYLE = Automatic;
				CURRENT_PROJECT_VERSION = 1;
				DEVELOPMENT_ASSET_PATHS = "\"EvoHabit/Preview Content\"";
				DEVELOPMENT_TEAM = WKXZJ4N6M5;
				ENABLE_PREVIEWS = YES;
				GENERATE_INFOPLIST_FILE = YES;
				INFOPLIST_KEY_UIApplicationSceneManifest_Generation = YES;
				INFOPLIST_KEY_UIApplicationSupportsIndirectInputEvents = YES;
				INFOPLIST_KEY_UILaunchScreen_Generation = YES;
				INFOPLIST_KEY_UISupportedInterfaceOrientations_iPad = "UIInterfaceOrientationPortrait UIInterfaceOrientationPortraitUpsideDown UIInterfaceOrientationLandscapeLeft UIInterfaceOrientationLandscapeRight";
				INFOPLIST_KEY_UISupportedInterfaceOrientations_iPhone = "UIInterfaceOrientationPortrait UIInterfaceOrientationLandscapeLeft UIInterfaceOrientationLandscapeRight";
				LD_RUNPATH_SEARCH_PATHS = (
					"$(inherited)",
					"@executable_path/Frameworks",
				);
				MARKETING_VERSION = 1.0;
				PRODUCT_BUNDLE_IDENTIFIER = o.EvoHabit;
				PRODUCT_NAME = "$(TARGET_NAME)";
				SWIFT_EMIT_LOC_STRINGS = YES;
				SWIFT_VERSION = 5.0;
				TARGETED_DEVICE_FAMILY = "1,2";
			};
			name = Debug;
		};
		0693FB482BF6B6090083CEC5 /* Release */ = {
			isa = XCBuildConfiguration;
			buildSettings = {
				ASSETCATALOG_COMPILER_APPICON_NAME = AppIcon;
				ASSETCATALOG_COMPILER_GLOBAL_ACCENT_COLOR_NAME = AccentColor;
				CODE_SIGN_STYLE = Automatic;
				CURRENT_PROJECT_VERSION = 1;
				DEVELOPMENT_ASSET_PATHS = "\"EvoHabit/Preview Content\"";
				DEVELOPMENT_TEAM = WKXZJ4N6M5;
				ENABLE_PREVIEWS = YES;
				GENERATE_INFOPLIST_FILE = YES;
				INFOPLIST_KEY_UIApplicationSceneManifest_Generation = YES;
				INFOPLIST_KEY_UIApplicationSupportsIndirectInputEvents = YES;
				INFOPLIST_KEY_UILaunchScreen_Generation = YES;
				INFOPLIST_KEY_UISupportedInterfaceOrientations_iPad = "UIInterfaceOrientationPortrait UIInterfaceOrientationPortraitUpsideDown UIInterfaceOrientationLandscapeLeft UIInterfaceOrientationLandscapeRight";
				INFOPLIST_KEY_UISupportedInterfaceOrientations_iPhone = "UIInterfaceOrientationPortrait UIInterfaceOrientationLandscapeLeft UIInterfaceOrientationLandscapeRight";
				LD_RUNPATH_SEARCH_PATHS = (
					"$(inherited)",
					"@executable_path/Frameworks",
				);
				MARKETING_VERSION = 1.0;
				PRODUCT_BUNDLE_IDENTIFIER = o.EvoHabit;
				PRODUCT_NAME = "$(TARGET_NAME)";
				SWIFT_EMIT_LOC_STRINGS = YES;
				SWIFT_VERSION = 5.0;
				TARGETED_DEVICE_FAMILY = "1,2";
			};
			name = Release;
		};
		0693FB4A2BF6B6090083CEC5 /* Debug */ = {
			isa = XCBuildConfiguration;
			buildSettings = {
				ALWAYS_EMBED_SWIFT_STANDARD_LIBRARIES = YES;
				BUNDLE_LOADER = "$(TEST_HOST)";
				CODE_SIGN_STYLE = Automatic;
				CURRENT_PROJECT_VERSION = 1;
				DEVELOPMENT_TEAM = WKXZJ4N6M5;
				GENERATE_INFOPLIST_FILE = YES;
				IPHONEOS_DEPLOYMENT_TARGET = 17.5;
				MARKETING_VERSION = 1.0;
				PRODUCT_BUNDLE_IDENTIFIER = o.EvoHabitTests;
				PRODUCT_NAME = "$(TARGET_NAME)";
				SWIFT_EMIT_LOC_STRINGS = NO;
				SWIFT_VERSION = 5.0;
				TARGETED_DEVICE_FAMILY = "1,2";
				TEST_HOST = "$(BUILT_PRODUCTS_DIR)/EvoHabit.app/$(BUNDLE_EXECUTABLE_FOLDER_PATH)/EvoHabit";
			};
			name = Debug;
		};
		0693FB4B2BF6B6090083CEC5 /* Release */ = {
			isa = XCBuildConfiguration;
			buildSettings = {
				ALWAYS_EMBED_SWIFT_STANDARD_LIBRARIES = YES;
				BUNDLE_LOADER = "$(TEST_HOST)";
				CODE_SIGN_STYLE = Automatic;
				CURRENT_PROJECT_VERSION = 1;
				DEVELOPMENT_TEAM = WKXZJ4N6M5;
				GENERATE_INFOPLIST_FILE = YES;
				IPHONEOS_DEPLOYMENT_TARGET = 17.5;
				MARKETING_VERSION = 1.0;
				PRODUCT_BUNDLE_IDENTIFIER = o.EvoHabitTests;
				PRODUCT_NAME = "$(TARGET_NAME)";
				SWIFT_EMIT_LOC_STRINGS = NO;
				SWIFT_VERSION = 5.0;
				TARGETED_DEVICE_FAMILY = "1,2";
				TEST_HOST = "$(BUILT_PRODUCTS_DIR)/EvoHabit.app/$(BUNDLE_EXECUTABLE_FOLDER_PATH)/EvoHabit";
			};
			name = Release;
		};
		0693FB4D2BF6B6090083CEC5 /* Debug */ = {
			isa = XCBuildConfiguration;
			buildSettings = {
				ALWAYS_EMBED_SWIFT_STANDARD_LIBRARIES = YES;
				CODE_SIGN_STYLE = Automatic;
				CURRENT_PROJECT_VERSION = 1;
				DEVELOPMENT_TEAM = WKXZJ4N6M5;
				GENERATE_INFOPLIST_FILE = YES;
				MARKETING_VERSION = 1.0;
				PRODUCT_BUNDLE_IDENTIFIER = o.EvoHabitUITests;
				PRODUCT_NAME = "$(TARGET_NAME)";
				SWIFT_EMIT_LOC_STRINGS = NO;
				SWIFT_VERSION = 5.0;
				TARGETED_DEVICE_FAMILY = "1,2";
				TEST_TARGET_NAME = EvoHabit;
			};
			name = Debug;
		};
		0693FB4E2BF6B6090083CEC5 /* Release */ = {
			isa = XCBuildConfiguration;
			buildSettings = {
				ALWAYS_EMBED_SWIFT_STANDARD_LIBRARIES = YES;
				CODE_SIGN_STYLE = Automatic;
				CURRENT_PROJECT_VERSION = 1;
				DEVELOPMENT_TEAM = WKXZJ4N6M5;
				GENERATE_INFOPLIST_FILE = YES;
				MARKETING_VERSION = 1.0;
				PRODUCT_BUNDLE_IDENTIFIER = o.EvoHabitUITests;
				PRODUCT_NAME = "$(TARGET_NAME)";
				SWIFT_EMIT_LOC_STRINGS = NO;
				SWIFT_VERSION = 5.0;
				TARGETED_DEVICE_FAMILY = "1,2";
				TEST_TARGET_NAME = EvoHabit;
			};
			name = Release;
		};
/* End XCBuildConfiguration section */

/* Begin XCConfigurationList section */
		0693FB1D2BF6B6000083CEC5 /* Build configuration list for PBXProject "EvoHabit" */ = {
			isa = XCConfigurationList;
			buildConfigurations = (
				0693FB442BF6B6090083CEC5 /* Debug */,
				0693FB452BF6B6090083CEC5 /* Release */,
			);
			defaultConfigurationIsVisible = 0;
			defaultConfigurationName = Release;
		};
		0693FB462BF6B6090083CEC5 /* Build configuration list for PBXNativeTarget "EvoHabit" */ = {
			isa = XCConfigurationList;
			buildConfigurations = (
				0693FB472BF6B6090083CEC5 /* Debug */,
				0693FB482BF6B6090083CEC5 /* Release */,
			);
			defaultConfigurationIsVisible = 0;
			defaultConfigurationName = Release;
		};
		0693FB492BF6B6090083CEC5 /* Build configuration list for PBXNativeTarget "EvoHabitTests" */ = {
			isa = XCConfigurationList;
			buildConfigurations = (
				0693FB4A2BF6B6090083CEC5 /* Debug */,
				0693FB4B2BF6B6090083CEC5 /* Release */,
			);
			defaultConfigurationIsVisible = 0;
			defaultConfigurationName = Release;
		};
		0693FB4C2BF6B6090083CEC5 /* Build configuration list for PBXNativeTarget "EvoHabitUITests" */ = {
			isa = XCConfigurationList;
			buildConfigurations = (
				0693FB4D2BF6B6090083CEC5 /* Debug */,
				0693FB4E2BF6B6090083CEC5 /* Release */,
			);
			defaultConfigurationIsVisible = 0;
			defaultConfigurationName = Release;
		};
/* End XCConfigurationList section */
	};
	rootObject = 0693FB1A2BF6B6000083CEC5 /* Project object */;
}
